
Microsoft Visual Studio Solution File, Format Version 12.00
# Visual Studio Version 16
VisualStudioVersion = 16.0.29409.12
MinimumVisualStudioVersion = 10.0.40219.1
Project("{FAE04EC0-301F-11D3-BF4B-00C04F79EFBC}") = "UBL21.NETCoreLib", "UBL.NETLib\UBL21.NETCoreLib.csproj", "{7BBC90F0-640D-4F10-B051-64C23E7C50F0}"
EndProject
Global
	GlobalSection(SolutionConfigurationPlatforms) = preSolution
		Debug|Any CPU = Debug|Any CPU
		Release|Any CPU = Release|Any CPU
	EndGlobalSection
	GlobalSection(ProjectConfigurationPlatforms) = postSolution
		{7BBC90F0-640D-4F10-B051-64C23E7C50F0}.Debug|Any CPU.ActiveCfg = Debug|Any CPU
		{7BBC90F0-640D-4F10-B051-64C23E7C50F0}.Debug|Any CPU.Build.0 = Debug|Any CPU
		{7BBC90F0-640D-4F10-B051-64C23E7C50F0}.Release|Any CPU.ActiveCfg = Release|Any CPU
		{7BBC90F0-640D-4F10-B051-64C23E7C50F0}.Release|Any CPU.Build.0 = Release|Any CPU
	EndGlobalSection
	GlobalSection(SolutionProperties) = preSolution
		HideSolutionNode = FALSE
	EndGlobalSection
	GlobalSection(ExtensibilityGlobals) = postSolution
		SolutionGuid = {421EAC24-D1FE-43BD-8A5E-1724A2D348AC}
	EndGlobalSection
EndGlobal
