
Microsoft Visual Studio Solution File, Format Version 12.00
# Visual Studio Version 16
VisualStudioVersion = 16.0.29409.12
MinimumVisualStudioVersion = 10.0.40219.1
Project("{9A19103F-16F7-4668-BE54-9A1E7A4F7556}") = "UBL21.NETCoreLib", "UBL21.NETCoreLib\UBL21.NETCoreLib.csproj", "{9E4E4CBB-C006-40BC-A6A1-595A29512366}"
EndProject
Project("{2150E333-8FDC-42A3-9474-1A3956D46DE8}") = "Binaries", "Binaries", "{C8F877F6-8CB6-4607-BE95-29757C83A830}"
	ProjectSection(SolutionItems) = preProject
		Binaries\CommonInterfaces.NETCoreLib.dll = Binaries\CommonInterfaces.NETCoreLib.dll
	EndProjectSection
EndProject
Global
	GlobalSection(SolutionConfigurationPlatforms) = preSolution
		Debug|Any CPU = Debug|Any CPU
		Release|Any CPU = Release|Any CPU
	EndGlobalSection
	GlobalSection(ProjectConfigurationPlatforms) = postSolution
		{9E4E4CBB-C006-40BC-A6A1-595A29512366}.Debug|Any CPU.ActiveCfg = Debug|Any CPU
		{9E4E4CBB-C006-40BC-A6A1-595A29512366}.Debug|Any CPU.Build.0 = Debug|Any CPU
		{9E4E4CBB-C006-40BC-A6A1-595A29512366}.Release|Any CPU.ActiveCfg = Release|Any CPU
		{9E4E4CBB-C006-40BC-A6A1-595A29512366}.Release|Any CPU.Build.0 = Release|Any CPU
	EndGlobalSection
	GlobalSection(SolutionProperties) = preSolution
		HideSolutionNode = FALSE
	EndGlobalSection
	GlobalSection(ExtensibilityGlobals) = postSolution
		SolutionGuid = {421EAC24-D1FE-43BD-8A5E-1724A2D348AC}
	EndGlobalSection
EndGlobal
